
Microsoft Visual Studio Solution File, Format Version 12.00
# Visual Studio Version 17
VisualStudioVersion = 17.6.33815.320
MinimumVisualStudioVersion = 10.0.40219.1
Project("{FAE04EC0-301F-11D3-BF4B-00C04F79EFBC}") = "Encurtador", "Encurtador.csproj", "{282D1DFA-F0E7-4C0E-B462-4F16F03F8EAC}"
EndProject
Global
	GlobalSection(SolutionConfigurationPlatforms) = preSolution
		Debug|Any CPU = Debug|Any CPU
		Release|Any CPU = Release|Any CPU
	EndGlobalSection
	GlobalSection(ProjectConfigurationPlatforms) = postSolution
		{282D1DFA-F0E7-4C0E-B462-4F16F03F8EAC}.Debug|Any CPU.ActiveCfg = Debug|Any CPU
		{282D1DFA-F0E7-4C0E-B462-4F16F03F8EAC}.Debug|Any CPU.Build.0 = Debug|Any CPU
		{282D1DFA-F0E7-4C0E-B462-4F16F03F8EAC}.Release|Any CPU.ActiveCfg = Release|Any CPU
		{282D1DFA-F0E7-4C0E-B462-4F16F03F8EAC}.Release|Any CPU.Build.0 = Release|Any CPU
	EndGlobalSection
	GlobalSection(SolutionProperties) = preSolution
		HideSolutionNode = FALSE
	EndGlobalSection
	GlobalSection(ExtensibilityGlobals) = postSolution
		SolutionGuid = {56A23D78-6DFD-4A89-9141-9D998529E3BA}
	EndGlobalSection
EndGlobal
